
Microsoft Visual Studio Solution File, Format Version 12.00
# Visual Studio Version 16
VisualStudioVersion = 16.0.31424.327
MinimumVisualStudioVersion = 10.0.40219.1
Project("{FAE04EC0-301F-11D3-BF4B-00C04F79EFBC}") = "Module15Task1", "Module15Task1\Module15Task1.csproj", "{DBFDFECF-3AA9-454A-9246-84563EE5512E}"
EndProject
Global
	GlobalSection(SolutionConfigurationPlatforms) = preSolution
		Debug|Any CPU = Debug|Any CPU
		Release|Any CPU = Release|Any CPU
	EndGlobalSection
	GlobalSection(ProjectConfigurationPlatforms) = postSolution
		{DBFDFECF-3AA9-454A-9246-84563EE5512E}.Debug|Any CPU.ActiveCfg = Debug|Any CPU
		{DBFDFECF-3AA9-454A-9246-84563EE5512E}.Debug|Any CPU.Build.0 = Debug|Any CPU
		{DBFDFECF-3AA9-454A-9246-84563EE5512E}.Release|Any CPU.ActiveCfg = Release|Any CPU
		{DBFDFECF-3AA9-454A-9246-84563EE5512E}.Release|Any CPU.Build.0 = Release|Any CPU
	EndGlobalSection
	GlobalSection(SolutionProperties) = preSolution
		HideSolutionNode = FALSE
	EndGlobalSection
	GlobalSection(ExtensibilityGlobals) = postSolution
		SolutionGuid = {E4EA14D7-6CF6-4702-8B5D-6E0012B946CF}
	EndGlobalSection
EndGlobal
